
Microsoft Visual Studio Solution File, Format Version 12.00
# Visual Studio Version 17
VisualStudioVersion = 17.4.33213.308
MinimumVisualStudioVersion = 10.0.40219.1
Project("{FAE04EC0-301F-11D3-BF4B-00C04F79EFBC}") = "Ziare", "Ziare\Ziare.csproj", "{CA516D2E-076F-45C6-B54A-B7A33797DBA6}"
EndProject
Global
	GlobalSection(SolutionConfigurationPlatforms) = preSolution
		Debug|Any CPU = Debug|Any CPU
		Release|Any CPU = Release|Any CPU
	EndGlobalSection
	GlobalSection(ProjectConfigurationPlatforms) = postSolution
		{CA516D2E-076F-45C6-B54A-B7A33797DBA6}.Debug|Any CPU.ActiveCfg = Debug|Any CPU
		{CA516D2E-076F-45C6-B54A-B7A33797DBA6}.Debug|Any CPU.Build.0 = Debug|Any CPU
		{CA516D2E-076F-45C6-B54A-B7A33797DBA6}.Release|Any CPU.ActiveCfg = Release|Any CPU
		{CA516D2E-076F-45C6-B54A-B7A33797DBA6}.Release|Any CPU.Build.0 = Release|Any CPU
	EndGlobalSection
	GlobalSection(SolutionProperties) = preSolution
		HideSolutionNode = FALSE
	EndGlobalSection
	GlobalSection(ExtensibilityGlobals) = postSolution
		SolutionGuid = {C0E70C34-3904-450F-9001-B54FB6804AA2}
	EndGlobalSection
EndGlobal
